
Microsoft Visual Studio Solution File, Format Version 12.00
# Visual Studio 15
VisualStudioVersion = 15.0.26124.0
MinimumVisualStudioVersion = 15.0.26124.0
Project("{FAE04EC0-301F-11D3-BF4B-00C04F79EFBC}") = "Transacto", "src\Transacto\Transacto.csproj", "{0A772494-F38A-4AFA-AECC-71653CF62AF8}"
EndProject
Project("{FAE04EC0-301F-11D3-BF4B-00C04F79EFBC}") = "Transacto.Tests", "test\Transacto.Tests\Transacto.Tests.csproj", "{3D13AA84-8118-4364-8042-E8B08A264AA9}"
EndProject
Project("{2150E333-8FDC-42A3-9474-1A3956D46DE8}") = "SomeCompany", "SomeCompany", "{E5A31333-78A4-4357-9144-469FB4C40195}"
EndProject
Project("{FAE04EC0-301F-11D3-BF4B-00C04F79EFBC}") = "SomeCompany", "src\SomeCompany\SomeCompany.csproj", "{05A5E01D-D393-4A9C-8E7F-EB5A6C8EF928}"
EndProject
Project("{FAE04EC0-301F-11D3-BF4B-00C04F79EFBC}") = "SomeCompany.Tests", "test\SomeCompany.Tests\SomeCompany.Tests.csproj", "{FA8821F3-0AE2-4AB3-9B51-70ED5298511D}"
EndProject
Project("{FAE04EC0-301F-11D3-BF4B-00C04F79EFBC}") = "Projac.Npgsql", "..\Projac\src\Projac.Npgsql\Projac.Npgsql.csproj", "{062C4C4A-8E74-43C3-ADE7-D125C2A2B301}"
EndProject
Project("{FAE04EC0-301F-11D3-BF4B-00C04F79EFBC}") = "Projac.Sql", "..\Projac\src\Projac.Sql\Projac.Sql.csproj", "{071FDCDA-2731-48C5-8AFD-6FF1F67DDE4A}"
EndProject
Project("{FAE04EC0-301F-11D3-BF4B-00C04F79EFBC}") = "Transacto.AspNetCore", "src\Transacto.AspNetCore\Transacto.AspNetCore.csproj", "{EBE9962B-EC10-49C1-BAB6-53F44A24CB97}"
EndProject
Global
	GlobalSection(SolutionConfigurationPlatforms) = preSolution
		Debug|Any CPU = Debug|Any CPU
		Debug|x64 = Debug|x64
		Debug|x86 = Debug|x86
		Release|Any CPU = Release|Any CPU
		Release|x64 = Release|x64
		Release|x86 = Release|x86
	EndGlobalSection
	GlobalSection(SolutionProperties) = preSolution
		HideSolutionNode = FALSE
	EndGlobalSection
	GlobalSection(ProjectConfigurationPlatforms) = postSolution
		{0A772494-F38A-4AFA-AECC-71653CF62AF8}.Debug|Any CPU.ActiveCfg = Debug|Any CPU
		{0A772494-F38A-4AFA-AECC-71653CF62AF8}.Debug|Any CPU.Build.0 = Debug|Any CPU
		{0A772494-F38A-4AFA-AECC-71653CF62AF8}.Debug|x64.ActiveCfg = Debug|Any CPU
		{0A772494-F38A-4AFA-AECC-71653CF62AF8}.Debug|x64.Build.0 = Debug|Any CPU
		{0A772494-F38A-4AFA-AECC-71653CF62AF8}.Debug|x86.ActiveCfg = Debug|Any CPU
		{0A772494-F38A-4AFA-AECC-71653CF62AF8}.Debug|x86.Build.0 = Debug|Any CPU
		{0A772494-F38A-4AFA-AECC-71653CF62AF8}.Release|Any CPU.ActiveCfg = Release|Any CPU
		{0A772494-F38A-4AFA-AECC-71653CF62AF8}.Release|Any CPU.Build.0 = Release|Any CPU
		{0A772494-F38A-4AFA-AECC-71653CF62AF8}.Release|x64.ActiveCfg = Release|Any CPU
		{0A772494-F38A-4AFA-AECC-71653CF62AF8}.Release|x64.Build.0 = Release|Any CPU
		{0A772494-F38A-4AFA-AECC-71653CF62AF8}.Release|x86.ActiveCfg = Release|Any CPU
		{0A772494-F38A-4AFA-AECC-71653CF62AF8}.Release|x86.Build.0 = Release|Any CPU
		{3D13AA84-8118-4364-8042-E8B08A264AA9}.Debug|Any CPU.ActiveCfg = Debug|Any CPU
		{3D13AA84-8118-4364-8042-E8B08A264AA9}.Debug|Any CPU.Build.0 = Debug|Any CPU
		{3D13AA84-8118-4364-8042-E8B08A264AA9}.Debug|x64.ActiveCfg = Debug|Any CPU
		{3D13AA84-8118-4364-8042-E8B08A264AA9}.Debug|x64.Build.0 = Debug|Any CPU
		{3D13AA84-8118-4364-8042-E8B08A264AA9}.Debug|x86.ActiveCfg = Debug|Any CPU
		{3D13AA84-8118-4364-8042-E8B08A264AA9}.Debug|x86.Build.0 = Debug|Any CPU
		{3D13AA84-8118-4364-8042-E8B08A264AA9}.Release|Any CPU.ActiveCfg = Release|Any CPU
		{3D13AA84-8118-4364-8042-E8B08A264AA9}.Release|Any CPU.Build.0 = Release|Any CPU
		{3D13AA84-8118-4364-8042-E8B08A264AA9}.Release|x64.ActiveCfg = Release|Any CPU
		{3D13AA84-8118-4364-8042-E8B08A264AA9}.Release|x64.Build.0 = Release|Any CPU
		{3D13AA84-8118-4364-8042-E8B08A264AA9}.Release|x86.ActiveCfg = Release|Any CPU
		{3D13AA84-8118-4364-8042-E8B08A264AA9}.Release|x86.Build.0 = Release|Any CPU
		{05A5E01D-D393-4A9C-8E7F-EB5A6C8EF928}.Debug|Any CPU.ActiveCfg = Debug|Any CPU
		{05A5E01D-D393-4A9C-8E7F-EB5A6C8EF928}.Debug|Any CPU.Build.0 = Debug|Any CPU
		{05A5E01D-D393-4A9C-8E7F-EB5A6C8EF928}.Debug|x64.ActiveCfg = Debug|Any CPU
		{05A5E01D-D393-4A9C-8E7F-EB5A6C8EF928}.Debug|x64.Build.0 = Debug|Any CPU
		{05A5E01D-D393-4A9C-8E7F-EB5A6C8EF928}.Debug|x86.ActiveCfg = Debug|Any CPU
		{05A5E01D-D393-4A9C-8E7F-EB5A6C8EF928}.Debug|x86.Build.0 = Debug|Any CPU
		{05A5E01D-D393-4A9C-8E7F-EB5A6C8EF928}.Release|Any CPU.ActiveCfg = Release|Any CPU
		{05A5E01D-D393-4A9C-8E7F-EB5A6C8EF928}.Release|Any CPU.Build.0 = Release|Any CPU
		{05A5E01D-D393-4A9C-8E7F-EB5A6C8EF928}.Release|x64.ActiveCfg = Release|Any CPU
		{05A5E01D-D393-4A9C-8E7F-EB5A6C8EF928}.Release|x64.Build.0 = Release|Any CPU
		{05A5E01D-D393-4A9C-8E7F-EB5A6C8EF928}.Release|x86.ActiveCfg = Release|Any CPU
		{05A5E01D-D393-4A9C-8E7F-EB5A6C8EF928}.Release|x86.Build.0 = Release|Any CPU
		{FA8821F3-0AE2-4AB3-9B51-70ED5298511D}.Debug|Any CPU.ActiveCfg = Debug|Any CPU
		{FA8821F3-0AE2-4AB3-9B51-70ED5298511D}.Debug|Any CPU.Build.0 = Debug|Any CPU
		{FA8821F3-0AE2-4AB3-9B51-70ED5298511D}.Debug|x64.ActiveCfg = Debug|Any CPU
		{FA8821F3-0AE2-4AB3-9B51-70ED5298511D}.Debug|x64.Build.0 = Debug|Any CPU
		{FA8821F3-0AE2-4AB3-9B51-70ED5298511D}.Debug|x86.ActiveCfg = Debug|Any CPU
		{FA8821F3-0AE2-4AB3-9B51-70ED5298511D}.Debug|x86.Build.0 = Debug|Any CPU
		{FA8821F3-0AE2-4AB3-9B51-70ED5298511D}.Release|Any CPU.ActiveCfg = Release|Any CPU
		{FA8821F3-0AE2-4AB3-9B51-70ED5298511D}.Release|Any CPU.Build.0 = Release|Any CPU
		{FA8821F3-0AE2-4AB3-9B51-70ED5298511D}.Release|x64.ActiveCfg = Release|Any CPU
		{FA8821F3-0AE2-4AB3-9B51-70ED5298511D}.Release|x64.Build.0 = Release|Any CPU
		{FA8821F3-0AE2-4AB3-9B51-70ED5298511D}.Release|x86.ActiveCfg = Release|Any CPU
		{FA8821F3-0AE2-4AB3-9B51-70ED5298511D}.Release|x86.Build.0 = Release|Any CPU
		{062C4C4A-8E74-43C3-ADE7-D125C2A2B301}.Debug|Any CPU.ActiveCfg = Debug|Any CPU
		{062C4C4A-8E74-43C3-ADE7-D125C2A2B301}.Debug|Any CPU.Build.0 = Debug|Any CPU
		{062C4C4A-8E74-43C3-ADE7-D125C2A2B301}.Debug|x64.ActiveCfg = Debug|Any CPU
		{062C4C4A-8E74-43C3-ADE7-D125C2A2B301}.Debug|x64.Build.0 = Debug|Any CPU
		{062C4C4A-8E74-43C3-ADE7-D125C2A2B301}.Debug|x86.ActiveCfg = Debug|Any CPU
		{062C4C4A-8E74-43C3-ADE7-D125C2A2B301}.Debug|x86.Build.0 = Debug|Any CPU
		{062C4C4A-8E74-43C3-ADE7-D125C2A2B301}.Release|Any CPU.ActiveCfg = Release|Any CPU
		{062C4C4A-8E74-43C3-ADE7-D125C2A2B301}.Release|Any CPU.Build.0 = Release|Any CPU
		{062C4C4A-8E74-43C3-ADE7-D125C2A2B301}.Release|x64.ActiveCfg = Release|Any CPU
		{062C4C4A-8E74-43C3-ADE7-D125C2A2B301}.Release|x64.Build.0 = Release|Any CPU
		{062C4C4A-8E74-43C3-ADE7-D125C2A2B301}.Release|x86.ActiveCfg = Release|Any CPU
		{062C4C4A-8E74-43C3-ADE7-D125C2A2B301}.Release|x86.Build.0 = Release|Any CPU
		{071FDCDA-2731-48C5-8AFD-6FF1F67DDE4A}.Debug|Any CPU.ActiveCfg = Debug|Any CPU
		{071FDCDA-2731-48C5-8AFD-6FF1F67DDE4A}.Debug|Any CPU.Build.0 = Debug|Any CPU
		{071FDCDA-2731-48C5-8AFD-6FF1F67DDE4A}.Debug|x64.ActiveCfg = Debug|Any CPU
		{071FDCDA-2731-48C5-8AFD-6FF1F67DDE4A}.Debug|x64.Build.0 = Debug|Any CPU
		{071FDCDA-2731-48C5-8AFD-6FF1F67DDE4A}.Debug|x86.ActiveCfg = Debug|Any CPU
		{071FDCDA-2731-48C5-8AFD-6FF1F67DDE4A}.Debug|x86.Build.0 = Debug|Any CPU
		{071FDCDA-2731-48C5-8AFD-6FF1F67DDE4A}.Release|Any CPU.ActiveCfg = Release|Any CPU
		{071FDCDA-2731-48C5-8AFD-6FF1F67DDE4A}.Release|Any CPU.Build.0 = Release|Any CPU
		{071FDCDA-2731-48C5-8AFD-6FF1F67DDE4A}.Release|x64.ActiveCfg = Release|Any CPU
		{071FDCDA-2731-48C5-8AFD-6FF1F67DDE4A}.Release|x64.Build.0 = Release|Any CPU
		{071FDCDA-2731-48C5-8AFD-6FF1F67DDE4A}.Release|x86.ActiveCfg = Release|Any CPU
		{071FDCDA-2731-48C5-8AFD-6FF1F67DDE4A}.Release|x86.Build.0 = Release|Any CPU
		{EBE9962B-EC10-49C1-BAB6-53F44A24CB97}.Debug|Any CPU.ActiveCfg = Debug|Any CPU
		{EBE9962B-EC10-49C1-BAB6-53F44A24CB97}.Debug|Any CPU.Build.0 = Debug|Any CPU
		{EBE9962B-EC10-49C1-BAB6-53F44A24CB97}.Debug|x64.ActiveCfg = Debug|Any CPU
		{EBE9962B-EC10-49C1-BAB6-53F44A24CB97}.Debug|x64.Build.0 = Debug|Any CPU
		{EBE9962B-EC10-49C1-BAB6-53F44A24CB97}.Debug|x86.ActiveCfg = Debug|Any CPU
		{EBE9962B-EC10-49C1-BAB6-53F44A24CB97}.Debug|x86.Build.0 = Debug|Any CPU
		{EBE9962B-EC10-49C1-BAB6-53F44A24CB97}.Release|Any CPU.ActiveCfg = Release|Any CPU
		{EBE9962B-EC10-49C1-BAB6-53F44A24CB97}.Release|Any CPU.Build.0 = Release|Any CPU
		{EBE9962B-EC10-49C1-BAB6-53F44A24CB97}.Release|x64.ActiveCfg = Release|Any CPU
		{EBE9962B-EC10-49C1-BAB6-53F44A24CB97}.Release|x64.Build.0 = Release|Any CPU
		{EBE9962B-EC10-49C1-BAB6-53F44A24CB97}.Release|x86.ActiveCfg = Release|Any CPU
		{EBE9962B-EC10-49C1-BAB6-53F44A24CB97}.Release|x86.Build.0 = Release|Any CPU
	EndGlobalSection
	GlobalSection(NestedProjects) = preSolution
		{05A5E01D-D393-4A9C-8E7F-EB5A6C8EF928} = {E5A31333-78A4-4357-9144-469FB4C40195}
		{FA8821F3-0AE2-4AB3-9B51-70ED5298511D} = {E5A31333-78A4-4357-9144-469FB4C40195}
	EndGlobalSection
EndGlobal
