
Microsoft Visual Studio Solution File, Format Version 12.00
# Visual Studio 15
VisualStudioVersion = 15.0.26124.0
MinimumVisualStudioVersion = 15.0.26124.0
Project("{2150E333-8FDC-42A3-9474-1A3956D46DE8}") = "src", "src", "{E6E3161C-3C2D-44AD-8FBF-B1576BC0BF4C}"
EndProject
Project("{FAE04EC0-301F-11D3-BF4B-00C04F79EFBC}") = "SomeCompany", "src\SomeCompany\SomeCompany.csproj", "{3042F5F2-34C1-40F4-A8BC-DEB49BC853CE}"
EndProject
Project("{2150E333-8FDC-42A3-9474-1A3956D46DE8}") = "test", "test", "{B49BD5CA-A751-4DF8-B5F4-E89194E1A6CD}"
EndProject
Project("{FAE04EC0-301F-11D3-BF4B-00C04F79EFBC}") = "SomeCompany.Tests", "test\SomeCompany.Tests\SomeCompany.Tests.csproj", "{0880E784-2100-4A20-83EF-BD83CDC83A10}"
EndProject
Global
	GlobalSection(SolutionConfigurationPlatforms) = preSolution
		Debug|Any CPU = Debug|Any CPU
		Debug|x64 = Debug|x64
		Debug|x86 = Debug|x86
		Release|Any CPU = Release|Any CPU
		Release|x64 = Release|x64
		Release|x86 = Release|x86
	EndGlobalSection
	GlobalSection(SolutionProperties) = preSolution
		HideSolutionNode = FALSE
	EndGlobalSection
	GlobalSection(ProjectConfigurationPlatforms) = postSolution
		{3042F5F2-34C1-40F4-A8BC-DEB49BC853CE}.Debug|Any CPU.ActiveCfg = Debug|Any CPU
		{3042F5F2-34C1-40F4-A8BC-DEB49BC853CE}.Debug|Any CPU.Build.0 = Debug|Any CPU
		{3042F5F2-34C1-40F4-A8BC-DEB49BC853CE}.Debug|x64.ActiveCfg = Debug|Any CPU
		{3042F5F2-34C1-40F4-A8BC-DEB49BC853CE}.Debug|x64.Build.0 = Debug|Any CPU
		{3042F5F2-34C1-40F4-A8BC-DEB49BC853CE}.Debug|x86.ActiveCfg = Debug|Any CPU
		{3042F5F2-34C1-40F4-A8BC-DEB49BC853CE}.Debug|x86.Build.0 = Debug|Any CPU
		{3042F5F2-34C1-40F4-A8BC-DEB49BC853CE}.Release|Any CPU.ActiveCfg = Release|Any CPU
		{3042F5F2-34C1-40F4-A8BC-DEB49BC853CE}.Release|Any CPU.Build.0 = Release|Any CPU
		{3042F5F2-34C1-40F4-A8BC-DEB49BC853CE}.Release|x64.ActiveCfg = Release|Any CPU
		{3042F5F2-34C1-40F4-A8BC-DEB49BC853CE}.Release|x64.Build.0 = Release|Any CPU
		{3042F5F2-34C1-40F4-A8BC-DEB49BC853CE}.Release|x86.ActiveCfg = Release|Any CPU
		{3042F5F2-34C1-40F4-A8BC-DEB49BC853CE}.Release|x86.Build.0 = Release|Any CPU
		{0880E784-2100-4A20-83EF-BD83CDC83A10}.Debug|Any CPU.ActiveCfg = Debug|Any CPU
		{0880E784-2100-4A20-83EF-BD83CDC83A10}.Debug|Any CPU.Build.0 = Debug|Any CPU
		{0880E784-2100-4A20-83EF-BD83CDC83A10}.Debug|x64.ActiveCfg = Debug|Any CPU
		{0880E784-2100-4A20-83EF-BD83CDC83A10}.Debug|x64.Build.0 = Debug|Any CPU
		{0880E784-2100-4A20-83EF-BD83CDC83A10}.Debug|x86.ActiveCfg = Debug|Any CPU
		{0880E784-2100-4A20-83EF-BD83CDC83A10}.Debug|x86.Build.0 = Debug|Any CPU
		{0880E784-2100-4A20-83EF-BD83CDC83A10}.Release|Any CPU.ActiveCfg = Release|Any CPU
		{0880E784-2100-4A20-83EF-BD83CDC83A10}.Release|Any CPU.Build.0 = Release|Any CPU
		{0880E784-2100-4A20-83EF-BD83CDC83A10}.Release|x64.ActiveCfg = Release|Any CPU
		{0880E784-2100-4A20-83EF-BD83CDC83A10}.Release|x64.Build.0 = Release|Any CPU
		{0880E784-2100-4A20-83EF-BD83CDC83A10}.Release|x86.ActiveCfg = Release|Any CPU
		{0880E784-2100-4A20-83EF-BD83CDC83A10}.Release|x86.Build.0 = Release|Any CPU
	EndGlobalSection
	GlobalSection(NestedProjects) = preSolution
		{3042F5F2-34C1-40F4-A8BC-DEB49BC853CE} = {E6E3161C-3C2D-44AD-8FBF-B1576BC0BF4C}
		{0880E784-2100-4A20-83EF-BD83CDC83A10} = {B49BD5CA-A751-4DF8-B5F4-E89194E1A6CD}
	EndGlobalSection
EndGlobal
